
Microsoft Visual Studio Solution File, Format Version 12.00
# Visual Studio Version 17
VisualStudioVersion = 17.6.33717.318
MinimumVisualStudioVersion = 10.0.40219.1
Project("{2150E333-8FDC-42A3-9474-1A3956D46DE8}") = "Services", "Services", "{5F38F5EB-81A3-4F38-8306-BEEDF86AD46F}"
EndProject
Project("{2150E333-8FDC-42A3-9474-1A3956D46DE8}") = "Catalog", "Catalog", "{94B3D19D-1125-474D-B499-73C88EC44C05}"
EndProject
Project("{9A19103F-16F7-4668-BE54-9A1E7A4F7556}") = "Catalog.API", "Services\Catalog\Catalog.API\Catalog.API.csproj", "{8FA73E39-AEDF-4E7F-9FEB-CE9641D784AA}"
EndProject
Project("{2150E333-8FDC-42A3-9474-1A3956D46DE8}") = "Basket", "Basket", "{3A5BC3BC-4AE8-4F81-855E-76DAAB7E35B5}"
EndProject
Project("{9A19103F-16F7-4668-BE54-9A1E7A4F7556}") = "Basket.API", "Services\Basket\Basket.API\Basket.API.csproj", "{88A835DE-A906-42B3-9C2E-02EB0B2E6259}"
EndProject
Project("{2150E333-8FDC-42A3-9474-1A3956D46DE8}") = "Discount", "Discount", "{385CF274-A68A-4978-87BA-99632DBDBC20}"
EndProject
Project("{2150E333-8FDC-42A3-9474-1A3956D46DE8}") = "Ordering", "Ordering", "{C7F5828F-8E3A-45CC-A28E-82E8BB500AA4}"
EndProject
Project("{9A19103F-16F7-4668-BE54-9A1E7A4F7556}") = "Ordering.API", "Services\Ordering\Ordering.API\Ordering.API.csproj", "{1BB3E811-0B10-4346-9366-1DBA3648941D}"
EndProject
Project("{9A19103F-16F7-4668-BE54-9A1E7A4F7556}") = "Discount.API", "Services\Discount\Discount.API\Discount.API.csproj", "{C01529BD-FF95-4D0B-8086-173A597737FB}"
EndProject
Project("{9A19103F-16F7-4668-BE54-9A1E7A4F7556}") = "Discount.Grpc", "Services\Discount\Discount.Grpc\Discount.Grpc.csproj", "{E4856C85-5EEA-42DB-A10E-F64E5A665957}"
EndProject
Project("{E53339B2-1760-4266-BCC7-CA923CBCF16C}") = "docker-compose", "docker-compose.dcproj", "{945EBDB3-5F60-485E-89D9-48D798E5E656}"
EndProject
Project("{9A19103F-16F7-4668-BE54-9A1E7A4F7556}") = "Ordering.Domain", "Services\Ordering\Ordering.Domain\Ordering.Domain.csproj", "{69920D22-E4C7-4428-82C9-2AF7BB830906}"
EndProject
Project("{9A19103F-16F7-4668-BE54-9A1E7A4F7556}") = "Ordering.Application", "Services\Ordering\Ordering.Application\Ordering.Application.csproj", "{3E39858B-94AE-4A6F-BAF8-7683D58698CF}"
EndProject
Project("{9A19103F-16F7-4668-BE54-9A1E7A4F7556}") = "Ordering.Infrastructure", "Services\Ordering\Ordering.Infrastructure\Ordering.Infrastructure.csproj", "{D096B515-CC0D-4E35-9F41-8F6AEC4FC066}"
EndProject
Project("{2150E333-8FDC-42A3-9474-1A3956D46DE8}") = "BuildingBlocks", "BuildingBlocks", "{2262998B-3357-4F6F-8709-B9CB5CECCD0E}"
EndProject
Project("{9A19103F-16F7-4668-BE54-9A1E7A4F7556}") = "EventBus.Messages", "BuildingBlocks\EventBus.Messages\EventBus.Messages.csproj", "{039ECAC8-F21F-402B-8AD6-0902A2AFEBE3}"
EndProject
Project("{2150E333-8FDC-42A3-9474-1A3956D46DE8}") = "ApiGateways", "ApiGateways", "{A608D2C4-7C74-4127-824E-FADB8A3042C7}"
EndProject
Project("{FAE04EC0-301F-11D3-BF4B-00C04F79EFBC}") = "OcelotApiGw", "ApiGateways\OcelotApiGw\OcelotApiGw.csproj", "{B8678A05-B61C-4ED2-B6D7-80AB734F76D8}"
EndProject
Global
	GlobalSection(SolutionConfigurationPlatforms) = preSolution
		Debug|Any CPU = Debug|Any CPU
		Release|Any CPU = Release|Any CPU
	EndGlobalSection
	GlobalSection(ProjectConfigurationPlatforms) = postSolution
		{8FA73E39-AEDF-4E7F-9FEB-CE9641D784AA}.Debug|Any CPU.ActiveCfg = Debug|Any CPU
		{8FA73E39-AEDF-4E7F-9FEB-CE9641D784AA}.Debug|Any CPU.Build.0 = Debug|Any CPU
		{8FA73E39-AEDF-4E7F-9FEB-CE9641D784AA}.Release|Any CPU.ActiveCfg = Release|Any CPU
		{8FA73E39-AEDF-4E7F-9FEB-CE9641D784AA}.Release|Any CPU.Build.0 = Release|Any CPU
		{88A835DE-A906-42B3-9C2E-02EB0B2E6259}.Debug|Any CPU.ActiveCfg = Debug|Any CPU
		{88A835DE-A906-42B3-9C2E-02EB0B2E6259}.Debug|Any CPU.Build.0 = Debug|Any CPU
		{88A835DE-A906-42B3-9C2E-02EB0B2E6259}.Release|Any CPU.ActiveCfg = Release|Any CPU
		{88A835DE-A906-42B3-9C2E-02EB0B2E6259}.Release|Any CPU.Build.0 = Release|Any CPU
		{1BB3E811-0B10-4346-9366-1DBA3648941D}.Debug|Any CPU.ActiveCfg = Debug|Any CPU
		{1BB3E811-0B10-4346-9366-1DBA3648941D}.Debug|Any CPU.Build.0 = Debug|Any CPU
		{1BB3E811-0B10-4346-9366-1DBA3648941D}.Release|Any CPU.ActiveCfg = Release|Any CPU
		{1BB3E811-0B10-4346-9366-1DBA3648941D}.Release|Any CPU.Build.0 = Release|Any CPU
		{C01529BD-FF95-4D0B-8086-173A597737FB}.Debug|Any CPU.ActiveCfg = Debug|Any CPU
		{C01529BD-FF95-4D0B-8086-173A597737FB}.Debug|Any CPU.Build.0 = Debug|Any CPU
		{C01529BD-FF95-4D0B-8086-173A597737FB}.Release|Any CPU.ActiveCfg = Release|Any CPU
		{C01529BD-FF95-4D0B-8086-173A597737FB}.Release|Any CPU.Build.0 = Release|Any CPU
		{E4856C85-5EEA-42DB-A10E-F64E5A665957}.Debug|Any CPU.ActiveCfg = Debug|Any CPU
		{E4856C85-5EEA-42DB-A10E-F64E5A665957}.Debug|Any CPU.Build.0 = Debug|Any CPU
		{E4856C85-5EEA-42DB-A10E-F64E5A665957}.Release|Any CPU.ActiveCfg = Release|Any CPU
		{E4856C85-5EEA-42DB-A10E-F64E5A665957}.Release|Any CPU.Build.0 = Release|Any CPU
		{945EBDB3-5F60-485E-89D9-48D798E5E656}.Debug|Any CPU.ActiveCfg = Debug|Any CPU
		{945EBDB3-5F60-485E-89D9-48D798E5E656}.Debug|Any CPU.Build.0 = Debug|Any CPU
		{945EBDB3-5F60-485E-89D9-48D798E5E656}.Release|Any CPU.ActiveCfg = Release|Any CPU
		{945EBDB3-5F60-485E-89D9-48D798E5E656}.Release|Any CPU.Build.0 = Release|Any CPU
		{69920D22-E4C7-4428-82C9-2AF7BB830906}.Debug|Any CPU.ActiveCfg = Debug|Any CPU
		{69920D22-E4C7-4428-82C9-2AF7BB830906}.Debug|Any CPU.Build.0 = Debug|Any CPU
		{69920D22-E4C7-4428-82C9-2AF7BB830906}.Release|Any CPU.ActiveCfg = Release|Any CPU
		{69920D22-E4C7-4428-82C9-2AF7BB830906}.Release|Any CPU.Build.0 = Release|Any CPU
		{3E39858B-94AE-4A6F-BAF8-7683D58698CF}.Debug|Any CPU.ActiveCfg = Debug|Any CPU
		{3E39858B-94AE-4A6F-BAF8-7683D58698CF}.Debug|Any CPU.Build.0 = Debug|Any CPU
		{3E39858B-94AE-4A6F-BAF8-7683D58698CF}.Release|Any CPU.ActiveCfg = Release|Any CPU
		{3E39858B-94AE-4A6F-BAF8-7683D58698CF}.Release|Any CPU.Build.0 = Release|Any CPU
		{D096B515-CC0D-4E35-9F41-8F6AEC4FC066}.Debug|Any CPU.ActiveCfg = Debug|Any CPU
		{D096B515-CC0D-4E35-9F41-8F6AEC4FC066}.Debug|Any CPU.Build.0 = Debug|Any CPU
		{D096B515-CC0D-4E35-9F41-8F6AEC4FC066}.Release|Any CPU.ActiveCfg = Release|Any CPU
		{D096B515-CC0D-4E35-9F41-8F6AEC4FC066}.Release|Any CPU.Build.0 = Release|Any CPU
		{039ECAC8-F21F-402B-8AD6-0902A2AFEBE3}.Debug|Any CPU.ActiveCfg = Debug|Any CPU
		{039ECAC8-F21F-402B-8AD6-0902A2AFEBE3}.Debug|Any CPU.Build.0 = Debug|Any CPU
		{039ECAC8-F21F-402B-8AD6-0902A2AFEBE3}.Release|Any CPU.ActiveCfg = Release|Any CPU
		{039ECAC8-F21F-402B-8AD6-0902A2AFEBE3}.Release|Any CPU.Build.0 = Release|Any CPU
		{B8678A05-B61C-4ED2-B6D7-80AB734F76D8}.Debug|Any CPU.ActiveCfg = Debug|Any CPU
		{B8678A05-B61C-4ED2-B6D7-80AB734F76D8}.Debug|Any CPU.Build.0 = Debug|Any CPU
		{B8678A05-B61C-4ED2-B6D7-80AB734F76D8}.Release|Any CPU.ActiveCfg = Release|Any CPU
		{B8678A05-B61C-4ED2-B6D7-80AB734F76D8}.Release|Any CPU.Build.0 = Release|Any CPU
	EndGlobalSection
	GlobalSection(SolutionProperties) = preSolution
		HideSolutionNode = FALSE
	EndGlobalSection
	GlobalSection(NestedProjects) = preSolution
		{94B3D19D-1125-474D-B499-73C88EC44C05} = {5F38F5EB-81A3-4F38-8306-BEEDF86AD46F}
		{8FA73E39-AEDF-4E7F-9FEB-CE9641D784AA} = {94B3D19D-1125-474D-B499-73C88EC44C05}
		{3A5BC3BC-4AE8-4F81-855E-76DAAB7E35B5} = {5F38F5EB-81A3-4F38-8306-BEEDF86AD46F}
		{88A835DE-A906-42B3-9C2E-02EB0B2E6259} = {3A5BC3BC-4AE8-4F81-855E-76DAAB7E35B5}
		{385CF274-A68A-4978-87BA-99632DBDBC20} = {5F38F5EB-81A3-4F38-8306-BEEDF86AD46F}
		{C7F5828F-8E3A-45CC-A28E-82E8BB500AA4} = {5F38F5EB-81A3-4F38-8306-BEEDF86AD46F}
		{1BB3E811-0B10-4346-9366-1DBA3648941D} = {C7F5828F-8E3A-45CC-A28E-82E8BB500AA4}
		{C01529BD-FF95-4D0B-8086-173A597737FB} = {385CF274-A68A-4978-87BA-99632DBDBC20}
		{E4856C85-5EEA-42DB-A10E-F64E5A665957} = {385CF274-A68A-4978-87BA-99632DBDBC20}
		{69920D22-E4C7-4428-82C9-2AF7BB830906} = {C7F5828F-8E3A-45CC-A28E-82E8BB500AA4}
		{3E39858B-94AE-4A6F-BAF8-7683D58698CF} = {C7F5828F-8E3A-45CC-A28E-82E8BB500AA4}
		{D096B515-CC0D-4E35-9F41-8F6AEC4FC066} = {C7F5828F-8E3A-45CC-A28E-82E8BB500AA4}
		{039ECAC8-F21F-402B-8AD6-0902A2AFEBE3} = {2262998B-3357-4F6F-8709-B9CB5CECCD0E}
		{B8678A05-B61C-4ED2-B6D7-80AB734F76D8} = {A608D2C4-7C74-4127-824E-FADB8A3042C7}
	EndGlobalSection
	GlobalSection(ExtensibilityGlobals) = postSolution
		SolutionGuid = {A25858DC-2EAF-4E27-B563-120A727DED1A}
	EndGlobalSection
EndGlobal
